PODS:
  - Alamofire (3.2.1)
  - AlamofireOauth2 (1.1.2):
    - Alamofire
    - KeychainAccess
  - KeychainAccess (2.3.3)
  - Kingfisher (2.1.0)
  - MobilePlayer (1.1.3)
  - ReachabilitySwift (2.3.3)
  - SCLAlertView (0.5.1)
  - SnapKit (0.19.1)
  - SwiftyJSON (2.3.2)

DEPENDENCIES:
  - Alamofire
  - AlamofireOauth2
  - Kingfisher
  - MobilePlayer
  - ReachabilitySwift
  - SCLAlertView
  - SnapKit
  - SwiftyJSON

SPEC CHECKSUMS:
  Alamofire: f11d8624a05f5d39e0c99309b3e600a3ba64298a
  AlamofireOauth2: 29a4137ba39ee9c5f2c8ff810cb39382c76d0d56
  KeychainAccess: 9b7e49e48277e329b1b3195e54697ed313d30acf
  Kingfisher: 3ac09acad75a25ab22f6d7cef3de10d61dd4792d
  MobilePlayer: 84138cd440c4953c6992fc735b9ac1c32b38c827
  ReachabilitySwift: e0f6b6f280effb47731acfaaa2d5ffe223703793
  SCLAlertView: 3ac39a863d3e10fc165662b1228b03402297aea9
  SnapKit: eff58d6e3451bf2f482db2eccf86aecf371dc62d
  SwiftyJSON: 04ccea08915aa0109039157c7974cf0298da292a

PODFILE CHECKSUM: c09c8d22024277ceac3356ce64f73b8577313e40

COCOAPODS: 1.0.0.beta.4
